
Microsoft Visual Studio Solution File, Format Version 12.00
# Visual Studio Version 17
VisualStudioVersion = 17.7.34024.191
MinimumVisualStudioVersion = 10.0.40219.1
Project("{9A19103F-16F7-4668-BE54-9A1E7A4F7556}") = "Isin", "Isin\Isin.csproj", "{B0AC6FBA-6FCC-4854-BD49-5F6231CD1160}"
EndProject
Project("{9A19103F-16F7-4668-BE54-9A1E7A4F7556}") = "Isin.Tests", "Isin.Tests\Isin.Tests.csproj", "{4A5DEABE-8667-41FB-948D-A5EA1C81B74C}"
EndProject
Project("{FAE04EC0-301F-11D3-BF4B-00C04F79EFBC}") = "Isin.Benchmarks", "Isin.Benchmarks\Isin.Benchmarks.csproj", "{E783F0C7-2719-4FFF-86FA-206DB098F7FA}"
EndProject
Global
	GlobalSection(SolutionConfigurationPlatforms) = preSolution
		Debug|Any CPU = Debug|Any CPU
		Release|Any CPU = Release|Any CPU
	EndGlobalSection
	GlobalSection(ProjectConfigurationPlatforms) = postSolution
		{B0AC6FBA-6FCC-4854-BD49-5F6231CD1160}.Debug|Any CPU.ActiveCfg = Debug|Any CPU
		{B0AC6FBA-6FCC-4854-BD49-5F6231CD1160}.Debug|Any CPU.Build.0 = Debug|Any CPU
		{B0AC6FBA-6FCC-4854-BD49-5F6231CD1160}.Release|Any CPU.ActiveCfg = Release|Any CPU
		{B0AC6FBA-6FCC-4854-BD49-5F6231CD1160}.Release|Any CPU.Build.0 = Release|Any CPU
		{4A5DEABE-8667-41FB-948D-A5EA1C81B74C}.Debug|Any CPU.ActiveCfg = Debug|Any CPU
		{4A5DEABE-8667-41FB-948D-A5EA1C81B74C}.Debug|Any CPU.Build.0 = Debug|Any CPU
		{4A5DEABE-8667-41FB-948D-A5EA1C81B74C}.Release|Any CPU.ActiveCfg = Release|Any CPU
		{4A5DEABE-8667-41FB-948D-A5EA1C81B74C}.Release|Any CPU.Build.0 = Release|Any CPU
		{E783F0C7-2719-4FFF-86FA-206DB098F7FA}.Debug|Any CPU.ActiveCfg = Debug|Any CPU
		{E783F0C7-2719-4FFF-86FA-206DB098F7FA}.Debug|Any CPU.Build.0 = Debug|Any CPU
		{E783F0C7-2719-4FFF-86FA-206DB098F7FA}.Release|Any CPU.ActiveCfg = Release|Any CPU
		{E783F0C7-2719-4FFF-86FA-206DB098F7FA}.Release|Any CPU.Build.0 = Release|Any CPU
	EndGlobalSection
	GlobalSection(SolutionProperties) = preSolution
		HideSolutionNode = FALSE
	EndGlobalSection
	GlobalSection(ExtensibilityGlobals) = postSolution
		SolutionGuid = {473094F4-160B-47D7-8618-8D7FAE1F74CD}
	EndGlobalSection
EndGlobal
